{
  "requires": true,
  "lockfileVersion": 1,
  "dependencies": {
    "@popperjs/core": {
      "version": "2.10.1",
      "resolved": "https://registry.npmjs.org/@popperjs/core/-/core-2.10.1.tgz",
      "integrity": "sha512-HnUhk1Sy9IuKrxEMdIRCxpIqPw6BFsbYSEUO9p/hNw5sMld/+3OLMWQP80F8/db9qsv3qUjs7ZR5bS/R+iinXw==",
      "dev": true
    },
    "@types/async": {
      "version": "3.2.7",
      "resolved": "https://registry.npmjs.org/@types/async/-/async-3.2.7.tgz",
      "integrity": "sha512-a+MBBfOTs3ShFMlbH9qsRVFkjIUunEtxrBT0gxRx1cntjKRg2WApuGmNYzHkwKaIhMi3SMbKktaD/rLObQMwIw==",
      "dev": true
    },
    "@types/atob": {
      "version": "2.1.2",
      "resolved": "https://registry.npmjs.org/@types/atob/-/atob-2.1.2.tgz",
      "integrity": "sha512-8GAYQ1jDRUQkSpHzJUqXwAkYFOxuWAOGLhIR4aPd/Y/yL12Q/9m7LsKpHKlfKdNE/362Hc9wPI1Yh6opDfxVJg==",
      "dev": true
    },
    "@types/body-parser": {
      "version": "1.19.1",
      "resolved": "https://registry.npmjs.org/@types/body-parser/-/body-parser-1.19.1.tgz",
      "integrity": "sha512-a6bTJ21vFOGIkwM0kzh9Yr89ziVxq4vYH2fQ6N8AeipEzai/cFK6aGMArIkUeIdRIgpwQa+2bXiLuUJCpSf2Cg==",
      "dev": true,
      "requires": {
        "@types/connect": "*",
        "@types/node": "*"
      }
    },
    "@types/bootstrap": {
      "version": "5.1.4",
      "resolved": "https://registry.npmjs.org/@types/bootstrap/-/bootstrap-5.1.4.tgz",
      "integrity": "sha512-VAY+o6sCKrJ7Xix/lugdvQz0PpOn7Go+fQzCXOZvIdp7E/TDaiJddInVhNB/84bk9NX6uuKFSfl2pqslNYH9aA==",
      "dev": true,
      "requires": {
        "@popperjs/core": "^2.9.2",
        "@types/jquery": "*"
      }
    },
    "@types/connect": {
      "version": "3.4.35",
      "resolved": "https://registry.npmjs.org/@types/connect/-/connect-3.4.35.tgz",
      "integrity": "sha512-cdeYyv4KWoEgpBISTxWvqYsVy444DOqehiF3fM3ne10AmJ62RSyNkUnxMJXHQWRQQX2eR94m5y1IZyDwBjV9FQ==",
      "dev": true,
      "requires": {
        "@types/node": "*"
      }
    },
    "@types/express": {
      "version": "4.17.13",
      "resolved": "https://registry.npmjs.org/@types/express/-/express-4.17.13.tgz",
      "integrity": "sha512-6bSZTPaTIACxn48l50SR+axgrqm6qXFIxrdAKaG6PaJk3+zuUr35hBlgT7vOmJcum+OEaIBLtHV/qloEAFITeA==",
      "dev": true,
      "requires": {
        "@types/body-parser": "*",
        "@types/express-serve-static-core": "^4.17.18",
        "@types/qs": "*",
        "@types/serve-static": "*"
      }
    },
    "@types/express-serve-static-core": {
      "version": "4.17.24",
      "resolved": "https://registry.npmjs.org/@types/express-serve-static-core/-/express-serve-static-core-4.17.24.tgz",
      "integrity": "sha512-3UJuW+Qxhzwjq3xhwXm2onQcFHn76frIYVbTu+kn24LFxI+dEhdfISDFovPB8VpEgW8oQCTpRuCe+0zJxB7NEA==",
      "dev": true,
      "requires": {
        "@types/node": "*",
        "@types/qs": "*",
        "@types/range-parser": "*"
      }
    },
    "@types/fs-extra": {
      "version": "9.0.12",
      "resolved": "https://registry.npmjs.org/@types/fs-extra/-/fs-extra-9.0.12.tgz",
      "integrity": "sha512-I+bsBr67CurCGnSenZZ7v94gd3tc3+Aj2taxMT4yu4ABLuOgOjeFxX3dokG24ztSRg5tnT00sL8BszO7gSMoIw==",
      "dev": true,
      "requires": {
        "@types/node": "*"
      }
    },
    "@types/history": {
      "version": "4.7.9",
      "resolved": "https://registry.npmjs.org/@types/history/-/history-4.7.9.tgz",
      "integrity": "sha512-MUc6zSmU3tEVnkQ78q0peeEjKWPUADMlC/t++2bI8WnAG2tvYRPIgHG8lWkXwqc8MsUF6Z2MOf+Mh5sazOmhiQ==",
      "dev": true
    },
    "@types/jquery": {
      "version": "3.5.6",
      "resolved": "https://registry.npmjs.org/@types/jquery/-/jquery-3.5.6.tgz",
      "integrity": "sha512-SmgCQRzGPId4MZQKDj9Hqc6kSXFNWZFHpELkyK8AQhf8Zr6HKfCzFv9ZC1Fv3FyQttJZOlap3qYb12h61iZAIg==",
      "dev": true,
      "requires": {
        "@types/sizzle": "*"
      }
    },
    "@types/lodash": {
      "version": "4.14.172",
      "resolved": "https://registry.npmjs.org/@types/lodash/-/lodash-4.14.172.tgz",
      "integrity": "sha512-/BHF5HAx3em7/KkzVKm3LrsD6HZAXuXO1AJZQ3cRRBZj4oHZDviWPYu0aEplAqDFNHZPW6d3G7KN+ONcCCC7pw==",
      "dev": true
    },
    "@types/md5": {
      "version": "2.3.1",
      "resolved": "https://registry.npmjs.org/@types/md5/-/md5-2.3.1.tgz",
      "integrity": "sha512-OK3oe+ALIoPSo262lnhAYwpqFNXbiwH2a+0+Z5YBnkQEwWD8fk5+PIeRhYA48PzvX9I4SGNpWy+9bLj8qz92RQ==",
      "dev": true,
      "requires": {
        "@types/node": "*"
      }
    },
    "@types/mime": {
      "version": "1.3.2",
      "resolved": "https://registry.npmjs.org/@types/mime/-/mime-1.3.2.tgz",
      "integrity": "sha512-YATxVxgRqNH6nHEIsvg6k2Boc1JHI9ZbH5iWFFv/MTkchz3b1ieGDa5T0a9RznNdI0KhVbdbWSN+KWWrQZRxTw==",
      "dev": true
    },
    "@types/node": {
      "version": "16.7.13",
      "resolved": "https://registry.npmjs.org/@types/node/-/node-16.7.13.tgz",
      "integrity": "sha512-pLUPDn+YG3FYEt/pHI74HmnJOWzeR+tOIQzUx93pi9M7D8OE7PSLr97HboXwk5F+JS+TLtWuzCOW97AHjmOXXA==",
      "dev": true
    },
    "@types/object-assign": {
      "version": "4.0.30",
      "resolved": "https://registry.npmjs.org/@types/object-assign/-/object-assign-4.0.30.tgz",
      "integrity": "sha1-iUk3HVqZ9Dge4PHfCpt6GH4H5lI=",
      "dev": true
    },
    "@types/prop-types": {
      "version": "15.7.4",
      "resolved": "https://registry.npmjs.org/@types/prop-types/-/prop-types-15.7.4.tgz",
      "integrity": "sha512-rZ5drC/jWjrArrS8BR6SIr4cWpW09RNTYt9AMZo3Jwwif+iacXAqgVjm0B0Bv/S1jhDXKHqRVNCbACkJ89RAnQ==",
      "dev": true
    },
    "@types/qs": {
      "version": "6.9.7",
      "resolved": "https://registry.npmjs.org/@types/qs/-/qs-6.9.7.tgz",
      "integrity": "sha512-FGa1F62FT09qcrueBA6qYTrJPVDzah9a+493+o2PCXsesWHIn27G98TsSMs3WPNbZIEj4+VJf6saSFpvD+3Zsw==",
      "dev": true
    },
    "@types/range-parser": {
      "version": "1.2.4",
      "resolved": "https://registry.npmjs.org/@types/range-parser/-/range-parser-1.2.4.tgz",
      "integrity": "sha512-EEhsLsD6UsDM1yFhAvy0Cjr6VwmpMWqFBCb9w07wVugF7w9nfajxLuVmngTIpgS6svCnm6Vaw+MZhoDCKnOfsw==",
      "dev": true
    },
    "@types/react": {
      "version": "17.0.19",
      "resolved": "https://registry.npmjs.org/@types/react/-/react-17.0.19.tgz",
      "integrity": "sha512-sX1HisdB1/ZESixMTGnMxH9TDe8Sk709734fEQZzCV/4lSu9kJCPbo2PbTRoZM+53Pp0P10hYVyReUueGwUi4A==",
      "dev": true,
      "requires": {
        "@types/prop-types": "*",
        "@types/scheduler": "*",
        "csstype": "^3.0.2"
      }
    },
    "@types/react-bootstrap": {
      "version": "0.32.26",
      "resolved": "https://registry.npmjs.org/@types/react-bootstrap/-/react-bootstrap-0.32.26.tgz",
      "integrity": "sha512-IugRlKW82adDmfEm2bgq6l08T6MQX8smlZTX2eguiP0GiL0WRGwc3kYtdBl5BhEpUSGx4wP8Upff2/GtqTOlJw==",
      "dev": true,
      "requires": {
        "@types/react": "*"
      }
    },
    "@types/react-dom": {
      "version": "17.0.9",
      "resolved": "https://registry.npmjs.org/@types/react-dom/-/react-dom-17.0.9.tgz",
      "integrity": "sha512-wIvGxLfgpVDSAMH5utdL9Ngm5Owu0VsGmldro3ORLXV8CShrL8awVj06NuEXFQ5xyaYfdca7Sgbk/50Ri1GdPg==",
      "dev": true,
      "requires": {
        "@types/react": "*"
      }
    },
    "@types/react-router": {
      "version": "5.1.16",
      "resolved": "https://registry.npmjs.org/@types/react-router/-/react-router-5.1.16.tgz",
      "integrity": "sha512-8d7nR/fNSqlTFGHti0R3F9WwIertOaaA1UEB8/jr5l5mDMOs4CidEgvvYMw4ivqrBK+vtVLxyTj2P+Pr/dtgzg==",
      "dev": true,
      "requires": {
        "@types/history": "*",
        "@types/react": "*"
      }
    },
    "@types/react-router-dom": {
      "version": "5.1.8",
      "resolved": "https://registry.npmjs.org/@types/react-router-dom/-/react-router-dom-5.1.8.tgz",
      "integrity": "sha512-03xHyncBzG0PmDmf8pf3rehtjY0NpUj7TIN46FrT5n1ZWHPZvXz32gUyNboJ+xsL8cpg8bQVLcllptcQHvocrw==",
      "dev": true,
      "requires": {
        "@types/history": "*",
        "@types/react": "*",
        "@types/react-router": "*"
      }
    },
    "@types/scheduler": {
      "version": "0.16.2",
      "resolved": "https://registry.npmjs.org/@types/scheduler/-/scheduler-0.16.2.tgz",
      "integrity": "sha512-hppQEBDmlwhFAXKJX2KnWLYu5yMfi91yazPb2l+lbJiwW+wdo1gNeRA+3RgNSO39WYX2euey41KEwnqesU2Jew==",
      "dev": true
    },
    "@types/serve-static": {
      "version": "1.13.10",
      "resolved": "https://registry.npmjs.org/@types/serve-static/-/serve-static-1.13.10.tgz",
      "integrity": "sha512-nCkHGI4w7ZgAdNkrEu0bv+4xNV/XDqW+DydknebMOQwkpDGx8G+HTlj7R7ABI8i8nKxVw0wtKPi1D+lPOkh4YQ==",
      "dev": true,
      "requires": {
        "@types/mime": "^1",
        "@types/node": "*"
      }
    },
    "@types/sizzle": {
      "version": "2.3.3",
      "resolved": "https://registry.npmjs.org/@types/sizzle/-/sizzle-2.3.3.tgz",
      "integrity": "sha512-JYM8x9EGF163bEyhdJBpR2QX1R5naCJHC8ucJylJ3w9/CVBaskdQ8WqBf8MmQrd1kRvp/a4TS8HJ+bxzR7ZJYQ==",
      "dev": true
    },
    "@types/sprintf": {
      "version": "0.1.0",
      "resolved": "https://registry.npmjs.org/@types/sprintf/-/sprintf-0.1.0.tgz",
      "integrity": "sha512-2nCrar+IHBF8avAipoO3MmZm+pe3haEM/jD+4TeDaGmrBT7CdJb/k0jQ5HomtXgsScuV3ud/GoFuv7kUDe4Vfw==",
      "dev": true
    },
    "@types/stylis": {
      "version": "4.0.1",
      "resolved": "https://registry.npmjs.org/@types/stylis/-/stylis-4.0.1.tgz",
      "integrity": "sha512-tMMy2pb95ZvBrvrNhZDj6fsU1SpR97BYeoS798IRCzKLqWY0bh0rtg9G6knNtiUD6Pij1PoafHYjVCbspKenOA==",
      "dev": true
    },
    "@types/yargs": {
      "version": "17.0.2",
      "resolved": "https://registry.npmjs.org/@types/yargs/-/yargs-17.0.2.tgz",
      "integrity": "sha512-JhZ+pNdKMfB0rXauaDlrIvm+U7V4m03PPOSVoPS66z8gf+G4Z/UW8UlrVIj2MRQOBzuoEvYtjS0bqYwnpZaS9Q==",
      "dev": true,
      "requires": {
        "@types/yargs-parser": "*"
      }
    },
    "@types/yargs-parser": {
      "version": "20.2.1",
      "resolved": "https://registry.npmjs.org/@types/yargs-parser/-/yargs-parser-20.2.1.tgz",
      "integrity": "sha512-7tFImggNeNBVMsn0vLrpn1H1uPrUBdnARPTpZoitY37ZrdJREzf7I16tMrlK3hen349gr1NYh8CmZQa7CTG6Aw==",
      "dev": true
    },
    "csstype": {
      "version": "3.0.8",
      "resolved": "https://registry.npmjs.org/csstype/-/csstype-3.0.8.tgz",
      "integrity": "sha512-jXKhWqXPmlUeoQnF/EhTtTl4C9SnrxSH/jZUih3jmO6lBKr99rP3/+FmrMj4EFpOXzMtXHAZkd3x0E6h6Fgflw==",
      "dev": true
    },
    "types-registry": {
      "version": "0.1.557",
      "resolved": "https://registry.npmjs.org/types-registry/-/types-registry-0.1.557.tgz",
      "integrity": "sha512-bdOVf/60vK6X+4YQ2T8wQ6jqa00lMXhny9ESDI1Uxb9L6Bd78CcujhYLjuk5wtVQLbJyfpi+0qh7MiVy0J7e2A=="
    }
  }
}
